
Microsoft Visual Studio Solution File, Format Version 12.00
# Visual Studio Version 17
VisualStudioVersion = 17.8.34511.84
MinimumVisualStudioVersion = 10.0.40219.1
Project("{9A19103F-16F7-4668-BE54-9A1E7A4F7556}") = "JobsWorkerDaemonService", "src\Client\JobsWorkerDaemonService\JobsWorkerDaemonService.csproj", "{387757E5-3A96-4CCA-A7D0-DF134DB35F05}"
EndProject
Project("{9A19103F-16F7-4668-BE54-9A1E7A4F7556}") = "MaccorUploadTool", "src\Client\MaccorUploadTool\MaccorUploadTool.csproj", "{B40BEE54-26C8-4EB4-9437-75942AFFB5CA}"
EndProject
Project("{9A19103F-16F7-4668-BE54-9A1E7A4F7556}") = "ProcessStatTool", "src\Client\ProcessStatTool\ProcessStatTool.csproj", "{BF804252-259D-4ACD-8F57-5AEB66BF5086}"
EndProject
Project("{9A19103F-16F7-4668-BE54-9A1E7A4F7556}") = "ftptool", "src\Client\ftptool\ftptool.csproj", "{ED2C5011-F40F-4645-A425-30159637A030}"
EndProject
Project("{9A19103F-16F7-4668-BE54-9A1E7A4F7556}") = "ftpservertool", "src\Client\ftpservertool\ftpservertool.csproj", "{1197D82D-CE32-4CDA-897E-672D45B73C17}"
EndProject
Project("{2150E333-8FDC-42A3-9474-1A3956D46DE8}") = "Client", "Client", "{DCAB12AC-F6CB-4A1A-B3CA-D5937F8D1D56}"
EndProject
Project("{2150E333-8FDC-42A3-9474-1A3956D46DE8}") = "Server", "Server", "{80AA5F8C-8DB7-4E9C-B880-FEA3287B4DC5}"
EndProject
Project("{2150E333-8FDC-42A3-9474-1A3956D46DE8}") = "Shared", "Shared", "{8D9D39F9-68FF-4306-9BA2-7A25E53EAF98}"
EndProject
Project("{9A19103F-16F7-4668-BE54-9A1E7A4F7556}") = "JobsWorkerNodeService", "src\Client\JobsWorkerNodeService\JobsWorkerNodeService.csproj", "{F1DA9FD8-C9FD-4597-85B6-E01E8D07E4D4}"
EndProject
Project("{9A19103F-16F7-4668-BE54-9A1E7A4F7556}") = "JobsWorker.Shared", "src\Shared\JobsWorker.Shared\JobsWorker.Shared.csproj", "{7FF4AF09-CD15-4B51-BE4D-F4BC27D8E4E6}"
EndProject
Project("{9A19103F-16F7-4668-BE54-9A1E7A4F7556}") = "JobsWorkerNodeService.Jobs", "src\Client\JobsWorkerNodeService.Jobs\JobsWorkerNodeService.Jobs.csproj", "{DEBDDB28-8D24-481E-9B65-946E618F888E}"
EndProject
Project("{9A19103F-16F7-4668-BE54-9A1E7A4F7556}") = "JobRunner", "src\Client\JobRunner\JobRunner.csproj", "{1BBC9C2F-75E0-4B9B-AF4D-545B54E8C6B9}"
EndProject
Project("{9A19103F-16F7-4668-BE54-9A1E7A4F7556}") = "JobsWorkerWebService", "src\Server\JobsWorkerWebService\JobsWorkerWebService\JobsWorkerWebService.csproj", "{3DB57216-1FB3-4B11-AFDB-44348AD308E6}"
EndProject
Global
	GlobalSection(SolutionConfigurationPlatforms) = preSolution
		Debug|Any CPU = Debug|Any CPU
		Release|Any CPU = Release|Any CPU
	EndGlobalSection
	GlobalSection(ProjectConfigurationPlatforms) = postSolution
		{387757E5-3A96-4CCA-A7D0-DF134DB35F05}.Debug|Any CPU.ActiveCfg = Debug|Any CPU
		{387757E5-3A96-4CCA-A7D0-DF134DB35F05}.Debug|Any CPU.Build.0 = Debug|Any CPU
		{387757E5-3A96-4CCA-A7D0-DF134DB35F05}.Release|Any CPU.ActiveCfg = Release|Any CPU
		{387757E5-3A96-4CCA-A7D0-DF134DB35F05}.Release|Any CPU.Build.0 = Release|Any CPU
		{B40BEE54-26C8-4EB4-9437-75942AFFB5CA}.Debug|Any CPU.ActiveCfg = Debug|Any CPU
		{B40BEE54-26C8-4EB4-9437-75942AFFB5CA}.Debug|Any CPU.Build.0 = Debug|Any CPU
		{B40BEE54-26C8-4EB4-9437-75942AFFB5CA}.Release|Any CPU.ActiveCfg = Release|Any CPU
		{B40BEE54-26C8-4EB4-9437-75942AFFB5CA}.Release|Any CPU.Build.0 = Release|Any CPU
		{BF804252-259D-4ACD-8F57-5AEB66BF5086}.Debug|Any CPU.ActiveCfg = Debug|Any CPU
		{BF804252-259D-4ACD-8F57-5AEB66BF5086}.Debug|Any CPU.Build.0 = Debug|Any CPU
		{BF804252-259D-4ACD-8F57-5AEB66BF5086}.Release|Any CPU.ActiveCfg = Release|Any CPU
		{BF804252-259D-4ACD-8F57-5AEB66BF5086}.Release|Any CPU.Build.0 = Release|Any CPU
		{ED2C5011-F40F-4645-A425-30159637A030}.Debug|Any CPU.ActiveCfg = Debug|Any CPU
		{ED2C5011-F40F-4645-A425-30159637A030}.Debug|Any CPU.Build.0 = Debug|Any CPU
		{ED2C5011-F40F-4645-A425-30159637A030}.Release|Any CPU.ActiveCfg = Release|Any CPU
		{ED2C5011-F40F-4645-A425-30159637A030}.Release|Any CPU.Build.0 = Release|Any CPU
		{1197D82D-CE32-4CDA-897E-672D45B73C17}.Debug|Any CPU.ActiveCfg = Debug|Any CPU
		{1197D82D-CE32-4CDA-897E-672D45B73C17}.Debug|Any CPU.Build.0 = Debug|Any CPU
		{1197D82D-CE32-4CDA-897E-672D45B73C17}.Release|Any CPU.ActiveCfg = Release|Any CPU
		{1197D82D-CE32-4CDA-897E-672D45B73C17}.Release|Any CPU.Build.0 = Release|Any CPU
		{F1DA9FD8-C9FD-4597-85B6-E01E8D07E4D4}.Debug|Any CPU.ActiveCfg = Debug|Any CPU
		{F1DA9FD8-C9FD-4597-85B6-E01E8D07E4D4}.Debug|Any CPU.Build.0 = Debug|Any CPU
		{F1DA9FD8-C9FD-4597-85B6-E01E8D07E4D4}.Release|Any CPU.ActiveCfg = Release|Any CPU
		{F1DA9FD8-C9FD-4597-85B6-E01E8D07E4D4}.Release|Any CPU.Build.0 = Release|Any CPU
		{7FF4AF09-CD15-4B51-BE4D-F4BC27D8E4E6}.Debug|Any CPU.ActiveCfg = Debug|Any CPU
		{7FF4AF09-CD15-4B51-BE4D-F4BC27D8E4E6}.Debug|Any CPU.Build.0 = Debug|Any CPU
		{7FF4AF09-CD15-4B51-BE4D-F4BC27D8E4E6}.Release|Any CPU.ActiveCfg = Release|Any CPU
		{7FF4AF09-CD15-4B51-BE4D-F4BC27D8E4E6}.Release|Any CPU.Build.0 = Release|Any CPU
		{DEBDDB28-8D24-481E-9B65-946E618F888E}.Debug|Any CPU.ActiveCfg = Debug|Any CPU
		{DEBDDB28-8D24-481E-9B65-946E618F888E}.Debug|Any CPU.Build.0 = Debug|Any CPU
		{DEBDDB28-8D24-481E-9B65-946E618F888E}.Release|Any CPU.ActiveCfg = Release|Any CPU
		{DEBDDB28-8D24-481E-9B65-946E618F888E}.Release|Any CPU.Build.0 = Release|Any CPU
		{1BBC9C2F-75E0-4B9B-AF4D-545B54E8C6B9}.Debug|Any CPU.ActiveCfg = Debug|Any CPU
		{1BBC9C2F-75E0-4B9B-AF4D-545B54E8C6B9}.Debug|Any CPU.Build.0 = Debug|Any CPU
		{1BBC9C2F-75E0-4B9B-AF4D-545B54E8C6B9}.Release|Any CPU.ActiveCfg = Release|Any CPU
		{1BBC9C2F-75E0-4B9B-AF4D-545B54E8C6B9}.Release|Any CPU.Build.0 = Release|Any CPU
		{3DB57216-1FB3-4B11-AFDB-44348AD308E6}.Debug|Any CPU.ActiveCfg = Debug|Any CPU
		{3DB57216-1FB3-4B11-AFDB-44348AD308E6}.Debug|Any CPU.Build.0 = Debug|Any CPU
		{3DB57216-1FB3-4B11-AFDB-44348AD308E6}.Release|Any CPU.ActiveCfg = Release|Any CPU
		{3DB57216-1FB3-4B11-AFDB-44348AD308E6}.Release|Any CPU.Build.0 = Release|Any CPU
	EndGlobalSection
	GlobalSection(SolutionProperties) = preSolution
		HideSolutionNode = FALSE
	EndGlobalSection
	GlobalSection(NestedProjects) = preSolution
		{387757E5-3A96-4CCA-A7D0-DF134DB35F05} = {DCAB12AC-F6CB-4A1A-B3CA-D5937F8D1D56}
		{B40BEE54-26C8-4EB4-9437-75942AFFB5CA} = {DCAB12AC-F6CB-4A1A-B3CA-D5937F8D1D56}
		{BF804252-259D-4ACD-8F57-5AEB66BF5086} = {DCAB12AC-F6CB-4A1A-B3CA-D5937F8D1D56}
		{ED2C5011-F40F-4645-A425-30159637A030} = {DCAB12AC-F6CB-4A1A-B3CA-D5937F8D1D56}
		{1197D82D-CE32-4CDA-897E-672D45B73C17} = {DCAB12AC-F6CB-4A1A-B3CA-D5937F8D1D56}
		{F1DA9FD8-C9FD-4597-85B6-E01E8D07E4D4} = {DCAB12AC-F6CB-4A1A-B3CA-D5937F8D1D56}
		{7FF4AF09-CD15-4B51-BE4D-F4BC27D8E4E6} = {8D9D39F9-68FF-4306-9BA2-7A25E53EAF98}
		{DEBDDB28-8D24-481E-9B65-946E618F888E} = {DCAB12AC-F6CB-4A1A-B3CA-D5937F8D1D56}
		{1BBC9C2F-75E0-4B9B-AF4D-545B54E8C6B9} = {DCAB12AC-F6CB-4A1A-B3CA-D5937F8D1D56}
		{3DB57216-1FB3-4B11-AFDB-44348AD308E6} = {80AA5F8C-8DB7-4E9C-B880-FEA3287B4DC5}
	EndGlobalSection
	GlobalSection(ExtensibilityGlobals) = postSolution
		SolutionGuid = {D03EB38C-8B2F-40A4-AA97-CD2F734F6056}
	EndGlobalSection
EndGlobal
