
Microsoft Visual Studio Solution File, Format Version 12.00
# Visual Studio Version 17
VisualStudioVersion = 17.8.34511.84
MinimumVisualStudioVersion = 10.0.40219.1
Project("{9A19103F-16F7-4668-BE54-9A1E7A4F7556}") = "MaccorUploadTool", "src\MaccorUploadTool\MaccorUploadTool.csproj", "{7FCF8756-AC6C-44EC-8684-DFCBA766773B}"
EndProject
Project("{9A19103F-16F7-4668-BE54-9A1E7A4F7556}") = "NodeService.Daemon", "src\NodeService.Daemon\NodeService.Daemon.csproj", "{AA93205E-96DB-4465-845F-383503914FA3}"
EndProject
Project("{9A19103F-16F7-4668-BE54-9A1E7A4F7556}") = "IronPythonConsole", "src\IronPythonConsole\IronPythonConsole.csproj", "{459E38FB-B3CD-4933-9CF7-333F2C66CC76}"
EndProject
Project("{9A19103F-16F7-4668-BE54-9A1E7A4F7556}") = "Python.Runtime", "src\NodeService.Client.PythonRuntime\Python.Runtime.csproj", "{4BE7AD03-6FCA-4083-9949-0D82DEF95EF0}"
EndProject
Project("{9A19103F-16F7-4668-BE54-9A1E7A4F7556}") = "NodeService.Infrastructure", "..\NodeService.Infrastructure\src\NodeService.Infrastructure\NodeService.Infrastructure.csproj", "{614D59A4-06D9-4C9F-8D59-A4EF0FB44E5D}"
EndProject
Project("{9A19103F-16F7-4668-BE54-9A1E7A4F7556}") = "NodeService.WindowsService", "src\NodeService.WindowsService\NodeService.WindowsService.csproj", "{B52D1F0C-09BB-468F-830A-74D4333FDFB6}"
EndProject
Project("{9A19103F-16F7-4668-BE54-9A1E7A4F7556}") = "NodeService.WindowsService.Services", "src\NodeService.WindowsService.Services\NodeService.WindowsService.Services.csproj", "{FD9CC84A-BB68-4210-B0A4-C40BF45F4F8C}"
EndProject
Project("{9A19103F-16F7-4668-BE54-9A1E7A4F7556}") = "NodeService.UpdateService", "src\NodeService.UpdateService\NodeService.UpdateService.csproj", "{F5924004-AFCE-43FF-BE79-F2416EFF2AF7}"
EndProject
Project("{9A19103F-16F7-4668-BE54-9A1E7A4F7556}") = "NodeService.Installer", "src\NodeService.Installer\NodeService.Installer\NodeService.Installer.csproj", "{5BB063B7-DEE5-4426-925B-6EFD41343B9F}"
EndProject
Project("{9A19103F-16F7-4668-BE54-9A1E7A4F7556}") = "LANDCexSharp", "src\LANDCexSharp\LANDCexSharp.csproj", "{1F34FACC-50CB-4AEC-9766-850D10DAF0E0}"
EndProject
Project("{9A19103F-16F7-4668-BE54-9A1E7A4F7556}") = "LANDCexUploadTool", "src\LANDCexUploadTool\LANDCexUploadTool.csproj", "{2B9569E4-D15A-420E-9CBC-4BBFC314AD17}"
EndProject
Project("{9A19103F-16F7-4668-BE54-9A1E7A4F7556}") = "NodeService.Infrastructure.SourceGenerator", "..\NodeService.Infrastructure\src\NodeService.Infrastructure.SourceGenerator\NodeService.Infrastructure.SourceGenerator.csproj", "{27EE26EB-3361-44E0-912F-33E8AF691337}"
EndProject
Project("{D954291E-2A0B-460D-934E-DC6B0785DB48}") = "ServiceProcessInstallerSharedProject", "src\ServiceProcessInstallerSharedProject\ServiceProcessInstallerSharedProject.shproj", "{B8AB7D3D-DED4-4C9E-85AE-18804E92D129}"
EndProject
Global
	GlobalSection(SolutionConfigurationPlatforms) = preSolution
		Debug|Any CPU = Debug|Any CPU
		Debug|ARM64 = Debug|ARM64
		Debug|x64 = Debug|x64
		Debug|x86 = Debug|x86
		Release|Any CPU = Release|Any CPU
		Release|ARM64 = Release|ARM64
		Release|x64 = Release|x64
		Release|x86 = Release|x86
		TraceAlloc|Any CPU = TraceAlloc|Any CPU
		TraceAlloc|ARM64 = TraceAlloc|ARM64
		TraceAlloc|x64 = TraceAlloc|x64
		TraceAlloc|x86 = TraceAlloc|x86
	EndGlobalSection
	GlobalSection(ProjectConfigurationPlatforms) = postSolution
		{7FCF8756-AC6C-44EC-8684-DFCBA766773B}.Debug|Any CPU.ActiveCfg = Debug|Any CPU
		{7FCF8756-AC6C-44EC-8684-DFCBA766773B}.Debug|Any CPU.Build.0 = Debug|Any CPU
		{7FCF8756-AC6C-44EC-8684-DFCBA766773B}.Debug|ARM64.ActiveCfg = Debug|Any CPU
		{7FCF8756-AC6C-44EC-8684-DFCBA766773B}.Debug|ARM64.Build.0 = Debug|Any CPU
		{7FCF8756-AC6C-44EC-8684-DFCBA766773B}.Debug|x64.ActiveCfg = Debug|x64
		{7FCF8756-AC6C-44EC-8684-DFCBA766773B}.Debug|x64.Build.0 = Debug|x64
		{7FCF8756-AC6C-44EC-8684-DFCBA766773B}.Debug|x86.ActiveCfg = Debug|Any CPU
		{7FCF8756-AC6C-44EC-8684-DFCBA766773B}.Debug|x86.Build.0 = Debug|Any CPU
		{7FCF8756-AC6C-44EC-8684-DFCBA766773B}.Release|Any CPU.ActiveCfg = Release|Any CPU
		{7FCF8756-AC6C-44EC-8684-DFCBA766773B}.Release|Any CPU.Build.0 = Release|Any CPU
		{7FCF8756-AC6C-44EC-8684-DFCBA766773B}.Release|ARM64.ActiveCfg = Release|Any CPU
		{7FCF8756-AC6C-44EC-8684-DFCBA766773B}.Release|ARM64.Build.0 = Release|Any CPU
		{7FCF8756-AC6C-44EC-8684-DFCBA766773B}.Release|x64.ActiveCfg = Release|x64
		{7FCF8756-AC6C-44EC-8684-DFCBA766773B}.Release|x64.Build.0 = Release|x64
		{7FCF8756-AC6C-44EC-8684-DFCBA766773B}.Release|x86.ActiveCfg = Release|Any CPU
		{7FCF8756-AC6C-44EC-8684-DFCBA766773B}.Release|x86.Build.0 = Release|Any CPU
		{7FCF8756-AC6C-44EC-8684-DFCBA766773B}.TraceAlloc|Any CPU.ActiveCfg = Debug|Any CPU
		{7FCF8756-AC6C-44EC-8684-DFCBA766773B}.TraceAlloc|Any CPU.Build.0 = Debug|Any CPU
		{7FCF8756-AC6C-44EC-8684-DFCBA766773B}.TraceAlloc|ARM64.ActiveCfg = Release|Any CPU
		{7FCF8756-AC6C-44EC-8684-DFCBA766773B}.TraceAlloc|ARM64.Build.0 = Release|Any CPU
		{7FCF8756-AC6C-44EC-8684-DFCBA766773B}.TraceAlloc|x64.ActiveCfg = Debug|x64
		{7FCF8756-AC6C-44EC-8684-DFCBA766773B}.TraceAlloc|x64.Build.0 = Debug|x64
		{7FCF8756-AC6C-44EC-8684-DFCBA766773B}.TraceAlloc|x86.ActiveCfg = Release|Any CPU
		{7FCF8756-AC6C-44EC-8684-DFCBA766773B}.TraceAlloc|x86.Build.0 = Release|Any CPU
		{AA93205E-96DB-4465-845F-383503914FA3}.Debug|Any CPU.ActiveCfg = Debug|Any CPU
		{AA93205E-96DB-4465-845F-383503914FA3}.Debug|Any CPU.Build.0 = Debug|Any CPU
		{AA93205E-96DB-4465-845F-383503914FA3}.Debug|ARM64.ActiveCfg = Debug|Any CPU
		{AA93205E-96DB-4465-845F-383503914FA3}.Debug|ARM64.Build.0 = Debug|Any CPU
		{AA93205E-96DB-4465-845F-383503914FA3}.Debug|x64.ActiveCfg = Debug|x64
		{AA93205E-96DB-4465-845F-383503914FA3}.Debug|x64.Build.0 = Debug|x64
		{AA93205E-96DB-4465-845F-383503914FA3}.Debug|x86.ActiveCfg = Debug|Any CPU
		{AA93205E-96DB-4465-845F-383503914FA3}.Debug|x86.Build.0 = Debug|Any CPU
		{AA93205E-96DB-4465-845F-383503914FA3}.Release|Any CPU.ActiveCfg = Release|Any CPU
		{AA93205E-96DB-4465-845F-383503914FA3}.Release|Any CPU.Build.0 = Release|Any CPU
		{AA93205E-96DB-4465-845F-383503914FA3}.Release|ARM64.ActiveCfg = Release|Any CPU
		{AA93205E-96DB-4465-845F-383503914FA3}.Release|ARM64.Build.0 = Release|Any CPU
		{AA93205E-96DB-4465-845F-383503914FA3}.Release|x64.ActiveCfg = Release|x64
		{AA93205E-96DB-4465-845F-383503914FA3}.Release|x64.Build.0 = Release|x64
		{AA93205E-96DB-4465-845F-383503914FA3}.Release|x86.ActiveCfg = Release|Any CPU
		{AA93205E-96DB-4465-845F-383503914FA3}.Release|x86.Build.0 = Release|Any CPU
		{AA93205E-96DB-4465-845F-383503914FA3}.TraceAlloc|Any CPU.ActiveCfg = Debug|Any CPU
		{AA93205E-96DB-4465-845F-383503914FA3}.TraceAlloc|Any CPU.Build.0 = Debug|Any CPU
		{AA93205E-96DB-4465-845F-383503914FA3}.TraceAlloc|ARM64.ActiveCfg = Release|Any CPU
		{AA93205E-96DB-4465-845F-383503914FA3}.TraceAlloc|ARM64.Build.0 = Release|Any CPU
		{AA93205E-96DB-4465-845F-383503914FA3}.TraceAlloc|x64.ActiveCfg = Debug|x64
		{AA93205E-96DB-4465-845F-383503914FA3}.TraceAlloc|x64.Build.0 = Debug|x64
		{AA93205E-96DB-4465-845F-383503914FA3}.TraceAlloc|x86.ActiveCfg = Release|Any CPU
		{AA93205E-96DB-4465-845F-383503914FA3}.TraceAlloc|x86.Build.0 = Release|Any CPU
		{459E38FB-B3CD-4933-9CF7-333F2C66CC76}.Debug|Any CPU.ActiveCfg = Debug|Any CPU
		{459E38FB-B3CD-4933-9CF7-333F2C66CC76}.Debug|Any CPU.Build.0 = Debug|Any CPU
		{459E38FB-B3CD-4933-9CF7-333F2C66CC76}.Debug|ARM64.ActiveCfg = Debug|Any CPU
		{459E38FB-B3CD-4933-9CF7-333F2C66CC76}.Debug|ARM64.Build.0 = Debug|Any CPU
		{459E38FB-B3CD-4933-9CF7-333F2C66CC76}.Debug|x64.ActiveCfg = Debug|x64
		{459E38FB-B3CD-4933-9CF7-333F2C66CC76}.Debug|x64.Build.0 = Debug|x64
		{459E38FB-B3CD-4933-9CF7-333F2C66CC76}.Debug|x86.ActiveCfg = Debug|Any CPU
		{459E38FB-B3CD-4933-9CF7-333F2C66CC76}.Debug|x86.Build.0 = Debug|Any CPU
		{459E38FB-B3CD-4933-9CF7-333F2C66CC76}.Release|Any CPU.ActiveCfg = Release|Any CPU
		{459E38FB-B3CD-4933-9CF7-333F2C66CC76}.Release|Any CPU.Build.0 = Release|Any CPU
		{459E38FB-B3CD-4933-9CF7-333F2C66CC76}.Release|ARM64.ActiveCfg = Release|Any CPU
		{459E38FB-B3CD-4933-9CF7-333F2C66CC76}.Release|ARM64.Build.0 = Release|Any CPU
		{459E38FB-B3CD-4933-9CF7-333F2C66CC76}.Release|x64.ActiveCfg = Release|x64
		{459E38FB-B3CD-4933-9CF7-333F2C66CC76}.Release|x64.Build.0 = Release|x64
		{459E38FB-B3CD-4933-9CF7-333F2C66CC76}.Release|x86.ActiveCfg = Release|Any CPU
		{459E38FB-B3CD-4933-9CF7-333F2C66CC76}.Release|x86.Build.0 = Release|Any CPU
		{459E38FB-B3CD-4933-9CF7-333F2C66CC76}.TraceAlloc|Any CPU.ActiveCfg = Debug|Any CPU
		{459E38FB-B3CD-4933-9CF7-333F2C66CC76}.TraceAlloc|Any CPU.Build.0 = Debug|Any CPU
		{459E38FB-B3CD-4933-9CF7-333F2C66CC76}.TraceAlloc|ARM64.ActiveCfg = Release|Any CPU
		{459E38FB-B3CD-4933-9CF7-333F2C66CC76}.TraceAlloc|ARM64.Build.0 = Release|Any CPU
		{459E38FB-B3CD-4933-9CF7-333F2C66CC76}.TraceAlloc|x64.ActiveCfg = Debug|x64
		{459E38FB-B3CD-4933-9CF7-333F2C66CC76}.TraceAlloc|x64.Build.0 = Debug|x64
		{459E38FB-B3CD-4933-9CF7-333F2C66CC76}.TraceAlloc|x86.ActiveCfg = Release|Any CPU
		{459E38FB-B3CD-4933-9CF7-333F2C66CC76}.TraceAlloc|x86.Build.0 = Release|Any CPU
		{4BE7AD03-6FCA-4083-9949-0D82DEF95EF0}.Debug|Any CPU.ActiveCfg = Debug|Any CPU
		{4BE7AD03-6FCA-4083-9949-0D82DEF95EF0}.Debug|Any CPU.Build.0 = Debug|Any CPU
		{4BE7AD03-6FCA-4083-9949-0D82DEF95EF0}.Debug|ARM64.ActiveCfg = Debug|Any CPU
		{4BE7AD03-6FCA-4083-9949-0D82DEF95EF0}.Debug|ARM64.Build.0 = Debug|Any CPU
		{4BE7AD03-6FCA-4083-9949-0D82DEF95EF0}.Debug|x64.ActiveCfg = Debug|x64
		{4BE7AD03-6FCA-4083-9949-0D82DEF95EF0}.Debug|x64.Build.0 = Debug|x64
		{4BE7AD03-6FCA-4083-9949-0D82DEF95EF0}.Debug|x86.ActiveCfg = Debug|Any CPU
		{4BE7AD03-6FCA-4083-9949-0D82DEF95EF0}.Debug|x86.Build.0 = Debug|Any CPU
		{4BE7AD03-6FCA-4083-9949-0D82DEF95EF0}.Release|Any CPU.ActiveCfg = Release|Any CPU
		{4BE7AD03-6FCA-4083-9949-0D82DEF95EF0}.Release|Any CPU.Build.0 = Release|Any CPU
		{4BE7AD03-6FCA-4083-9949-0D82DEF95EF0}.Release|ARM64.ActiveCfg = Release|Any CPU
		{4BE7AD03-6FCA-4083-9949-0D82DEF95EF0}.Release|ARM64.Build.0 = Release|Any CPU
		{4BE7AD03-6FCA-4083-9949-0D82DEF95EF0}.Release|x64.ActiveCfg = Release|x64
		{4BE7AD03-6FCA-4083-9949-0D82DEF95EF0}.Release|x64.Build.0 = Release|x64
		{4BE7AD03-6FCA-4083-9949-0D82DEF95EF0}.Release|x86.ActiveCfg = Release|Any CPU
		{4BE7AD03-6FCA-4083-9949-0D82DEF95EF0}.Release|x86.Build.0 = Release|Any CPU
		{4BE7AD03-6FCA-4083-9949-0D82DEF95EF0}.TraceAlloc|Any CPU.ActiveCfg = TraceAlloc|Any CPU
		{4BE7AD03-6FCA-4083-9949-0D82DEF95EF0}.TraceAlloc|Any CPU.Build.0 = TraceAlloc|Any CPU
		{4BE7AD03-6FCA-4083-9949-0D82DEF95EF0}.TraceAlloc|ARM64.ActiveCfg = TraceAlloc|Any CPU
		{4BE7AD03-6FCA-4083-9949-0D82DEF95EF0}.TraceAlloc|ARM64.Build.0 = TraceAlloc|Any CPU
		{4BE7AD03-6FCA-4083-9949-0D82DEF95EF0}.TraceAlloc|x64.ActiveCfg = TraceAlloc|x64
		{4BE7AD03-6FCA-4083-9949-0D82DEF95EF0}.TraceAlloc|x64.Build.0 = TraceAlloc|x64
		{4BE7AD03-6FCA-4083-9949-0D82DEF95EF0}.TraceAlloc|x86.ActiveCfg = TraceAlloc|Any CPU
		{4BE7AD03-6FCA-4083-9949-0D82DEF95EF0}.TraceAlloc|x86.Build.0 = TraceAlloc|Any CPU
		{614D59A4-06D9-4C9F-8D59-A4EF0FB44E5D}.Debug|Any CPU.ActiveCfg = Debug|Any CPU
		{614D59A4-06D9-4C9F-8D59-A4EF0FB44E5D}.Debug|Any CPU.Build.0 = Debug|Any CPU
		{614D59A4-06D9-4C9F-8D59-A4EF0FB44E5D}.Debug|ARM64.ActiveCfg = Debug|Any CPU
		{614D59A4-06D9-4C9F-8D59-A4EF0FB44E5D}.Debug|ARM64.Build.0 = Debug|Any CPU
		{614D59A4-06D9-4C9F-8D59-A4EF0FB44E5D}.Debug|x64.ActiveCfg = Debug|x64
		{614D59A4-06D9-4C9F-8D59-A4EF0FB44E5D}.Debug|x64.Build.0 = Debug|x64
		{614D59A4-06D9-4C9F-8D59-A4EF0FB44E5D}.Debug|x86.ActiveCfg = Debug|Any CPU
		{614D59A4-06D9-4C9F-8D59-A4EF0FB44E5D}.Debug|x86.Build.0 = Debug|Any CPU
		{614D59A4-06D9-4C9F-8D59-A4EF0FB44E5D}.Release|Any CPU.ActiveCfg = Release|Any CPU
		{614D59A4-06D9-4C9F-8D59-A4EF0FB44E5D}.Release|Any CPU.Build.0 = Release|Any CPU
		{614D59A4-06D9-4C9F-8D59-A4EF0FB44E5D}.Release|ARM64.ActiveCfg = Release|Any CPU
		{614D59A4-06D9-4C9F-8D59-A4EF0FB44E5D}.Release|ARM64.Build.0 = Release|Any CPU
		{614D59A4-06D9-4C9F-8D59-A4EF0FB44E5D}.Release|x64.ActiveCfg = Release|x64
		{614D59A4-06D9-4C9F-8D59-A4EF0FB44E5D}.Release|x64.Build.0 = Release|x64
		{614D59A4-06D9-4C9F-8D59-A4EF0FB44E5D}.Release|x86.ActiveCfg = Release|Any CPU
		{614D59A4-06D9-4C9F-8D59-A4EF0FB44E5D}.Release|x86.Build.0 = Release|Any CPU
		{614D59A4-06D9-4C9F-8D59-A4EF0FB44E5D}.TraceAlloc|Any CPU.ActiveCfg = Debug|Any CPU
		{614D59A4-06D9-4C9F-8D59-A4EF0FB44E5D}.TraceAlloc|Any CPU.Build.0 = Debug|Any CPU
		{614D59A4-06D9-4C9F-8D59-A4EF0FB44E5D}.TraceAlloc|ARM64.ActiveCfg = Debug|Any CPU
		{614D59A4-06D9-4C9F-8D59-A4EF0FB44E5D}.TraceAlloc|ARM64.Build.0 = Debug|Any CPU
		{614D59A4-06D9-4C9F-8D59-A4EF0FB44E5D}.TraceAlloc|x64.ActiveCfg = Debug|x64
		{614D59A4-06D9-4C9F-8D59-A4EF0FB44E5D}.TraceAlloc|x64.Build.0 = Debug|x64
		{614D59A4-06D9-4C9F-8D59-A4EF0FB44E5D}.TraceAlloc|x86.ActiveCfg = Debug|Any CPU
		{614D59A4-06D9-4C9F-8D59-A4EF0FB44E5D}.TraceAlloc|x86.Build.0 = Debug|Any CPU
		{B52D1F0C-09BB-468F-830A-74D4333FDFB6}.Debug|Any CPU.ActiveCfg = Debug|Any CPU
		{B52D1F0C-09BB-468F-830A-74D4333FDFB6}.Debug|Any CPU.Build.0 = Debug|Any CPU
		{B52D1F0C-09BB-468F-830A-74D4333FDFB6}.Debug|ARM64.ActiveCfg = Debug|Any CPU
		{B52D1F0C-09BB-468F-830A-74D4333FDFB6}.Debug|ARM64.Build.0 = Debug|Any CPU
		{B52D1F0C-09BB-468F-830A-74D4333FDFB6}.Debug|x64.ActiveCfg = Debug|x64
		{B52D1F0C-09BB-468F-830A-74D4333FDFB6}.Debug|x64.Build.0 = Debug|x64
		{B52D1F0C-09BB-468F-830A-74D4333FDFB6}.Debug|x86.ActiveCfg = Debug|Any CPU
		{B52D1F0C-09BB-468F-830A-74D4333FDFB6}.Debug|x86.Build.0 = Debug|Any CPU
		{B52D1F0C-09BB-468F-830A-74D4333FDFB6}.Release|Any CPU.ActiveCfg = Release|Any CPU
		{B52D1F0C-09BB-468F-830A-74D4333FDFB6}.Release|Any CPU.Build.0 = Release|Any CPU
		{B52D1F0C-09BB-468F-830A-74D4333FDFB6}.Release|ARM64.ActiveCfg = Release|Any CPU
		{B52D1F0C-09BB-468F-830A-74D4333FDFB6}.Release|ARM64.Build.0 = Release|Any CPU
		{B52D1F0C-09BB-468F-830A-74D4333FDFB6}.Release|x64.ActiveCfg = Release|x64
		{B52D1F0C-09BB-468F-830A-74D4333FDFB6}.Release|x64.Build.0 = Release|x64
		{B52D1F0C-09BB-468F-830A-74D4333FDFB6}.Release|x86.ActiveCfg = Release|Any CPU
		{B52D1F0C-09BB-468F-830A-74D4333FDFB6}.Release|x86.Build.0 = Release|Any CPU
		{B52D1F0C-09BB-468F-830A-74D4333FDFB6}.TraceAlloc|Any CPU.ActiveCfg = Debug|Any CPU
		{B52D1F0C-09BB-468F-830A-74D4333FDFB6}.TraceAlloc|Any CPU.Build.0 = Debug|Any CPU
		{B52D1F0C-09BB-468F-830A-74D4333FDFB6}.TraceAlloc|ARM64.ActiveCfg = Debug|Any CPU
		{B52D1F0C-09BB-468F-830A-74D4333FDFB6}.TraceAlloc|ARM64.Build.0 = Debug|Any CPU
		{B52D1F0C-09BB-468F-830A-74D4333FDFB6}.TraceAlloc|x64.ActiveCfg = Debug|x64
		{B52D1F0C-09BB-468F-830A-74D4333FDFB6}.TraceAlloc|x64.Build.0 = Debug|x64
		{B52D1F0C-09BB-468F-830A-74D4333FDFB6}.TraceAlloc|x86.ActiveCfg = Debug|Any CPU
		{B52D1F0C-09BB-468F-830A-74D4333FDFB6}.TraceAlloc|x86.Build.0 = Debug|Any CPU
		{FD9CC84A-BB68-4210-B0A4-C40BF45F4F8C}.Debug|Any CPU.ActiveCfg = Debug|Any CPU
		{FD9CC84A-BB68-4210-B0A4-C40BF45F4F8C}.Debug|Any CPU.Build.0 = Debug|Any CPU
		{FD9CC84A-BB68-4210-B0A4-C40BF45F4F8C}.Debug|ARM64.ActiveCfg = Debug|Any CPU
		{FD9CC84A-BB68-4210-B0A4-C40BF45F4F8C}.Debug|ARM64.Build.0 = Debug|Any CPU
		{FD9CC84A-BB68-4210-B0A4-C40BF45F4F8C}.Debug|x64.ActiveCfg = Debug|x64
		{FD9CC84A-BB68-4210-B0A4-C40BF45F4F8C}.Debug|x64.Build.0 = Debug|x64
		{FD9CC84A-BB68-4210-B0A4-C40BF45F4F8C}.Debug|x86.ActiveCfg = Debug|Any CPU
		{FD9CC84A-BB68-4210-B0A4-C40BF45F4F8C}.Debug|x86.Build.0 = Debug|Any CPU
		{FD9CC84A-BB68-4210-B0A4-C40BF45F4F8C}.Release|Any CPU.ActiveCfg = Release|Any CPU
		{FD9CC84A-BB68-4210-B0A4-C40BF45F4F8C}.Release|Any CPU.Build.0 = Release|Any CPU
		{FD9CC84A-BB68-4210-B0A4-C40BF45F4F8C}.Release|ARM64.ActiveCfg = Release|Any CPU
		{FD9CC84A-BB68-4210-B0A4-C40BF45F4F8C}.Release|ARM64.Build.0 = Release|Any CPU
		{FD9CC84A-BB68-4210-B0A4-C40BF45F4F8C}.Release|x64.ActiveCfg = Release|x64
		{FD9CC84A-BB68-4210-B0A4-C40BF45F4F8C}.Release|x64.Build.0 = Release|x64
		{FD9CC84A-BB68-4210-B0A4-C40BF45F4F8C}.Release|x86.ActiveCfg = Release|Any CPU
		{FD9CC84A-BB68-4210-B0A4-C40BF45F4F8C}.Release|x86.Build.0 = Release|Any CPU
		{FD9CC84A-BB68-4210-B0A4-C40BF45F4F8C}.TraceAlloc|Any CPU.ActiveCfg = Debug|Any CPU
		{FD9CC84A-BB68-4210-B0A4-C40BF45F4F8C}.TraceAlloc|Any CPU.Build.0 = Debug|Any CPU
		{FD9CC84A-BB68-4210-B0A4-C40BF45F4F8C}.TraceAlloc|ARM64.ActiveCfg = Debug|Any CPU
		{FD9CC84A-BB68-4210-B0A4-C40BF45F4F8C}.TraceAlloc|ARM64.Build.0 = Debug|Any CPU
		{FD9CC84A-BB68-4210-B0A4-C40BF45F4F8C}.TraceAlloc|x64.ActiveCfg = Debug|x64
		{FD9CC84A-BB68-4210-B0A4-C40BF45F4F8C}.TraceAlloc|x64.Build.0 = Debug|x64
		{FD9CC84A-BB68-4210-B0A4-C40BF45F4F8C}.TraceAlloc|x86.ActiveCfg = Debug|Any CPU
		{FD9CC84A-BB68-4210-B0A4-C40BF45F4F8C}.TraceAlloc|x86.Build.0 = Debug|Any CPU
		{F5924004-AFCE-43FF-BE79-F2416EFF2AF7}.Debug|Any CPU.ActiveCfg = Debug|Any CPU
		{F5924004-AFCE-43FF-BE79-F2416EFF2AF7}.Debug|Any CPU.Build.0 = Debug|Any CPU
		{F5924004-AFCE-43FF-BE79-F2416EFF2AF7}.Debug|ARM64.ActiveCfg = Debug|Any CPU
		{F5924004-AFCE-43FF-BE79-F2416EFF2AF7}.Debug|ARM64.Build.0 = Debug|Any CPU
		{F5924004-AFCE-43FF-BE79-F2416EFF2AF7}.Debug|x64.ActiveCfg = Debug|Any CPU
		{F5924004-AFCE-43FF-BE79-F2416EFF2AF7}.Debug|x64.Build.0 = Debug|Any CPU
		{F5924004-AFCE-43FF-BE79-F2416EFF2AF7}.Debug|x86.ActiveCfg = Debug|Any CPU
		{F5924004-AFCE-43FF-BE79-F2416EFF2AF7}.Debug|x86.Build.0 = Debug|Any CPU
		{F5924004-AFCE-43FF-BE79-F2416EFF2AF7}.Release|Any CPU.ActiveCfg = Release|Any CPU
		{F5924004-AFCE-43FF-BE79-F2416EFF2AF7}.Release|Any CPU.Build.0 = Release|Any CPU
		{F5924004-AFCE-43FF-BE79-F2416EFF2AF7}.Release|ARM64.ActiveCfg = Release|Any CPU
		{F5924004-AFCE-43FF-BE79-F2416EFF2AF7}.Release|ARM64.Build.0 = Release|Any CPU
		{F5924004-AFCE-43FF-BE79-F2416EFF2AF7}.Release|x64.ActiveCfg = Release|Any CPU
		{F5924004-AFCE-43FF-BE79-F2416EFF2AF7}.Release|x64.Build.0 = Release|Any CPU
		{F5924004-AFCE-43FF-BE79-F2416EFF2AF7}.Release|x86.ActiveCfg = Release|Any CPU
		{F5924004-AFCE-43FF-BE79-F2416EFF2AF7}.Release|x86.Build.0 = Release|Any CPU
		{F5924004-AFCE-43FF-BE79-F2416EFF2AF7}.TraceAlloc|Any CPU.ActiveCfg = Debug|Any CPU
		{F5924004-AFCE-43FF-BE79-F2416EFF2AF7}.TraceAlloc|Any CPU.Build.0 = Debug|Any CPU
		{F5924004-AFCE-43FF-BE79-F2416EFF2AF7}.TraceAlloc|ARM64.ActiveCfg = Debug|Any CPU
		{F5924004-AFCE-43FF-BE79-F2416EFF2AF7}.TraceAlloc|ARM64.Build.0 = Debug|Any CPU
		{F5924004-AFCE-43FF-BE79-F2416EFF2AF7}.TraceAlloc|x64.ActiveCfg = Debug|Any CPU
		{F5924004-AFCE-43FF-BE79-F2416EFF2AF7}.TraceAlloc|x64.Build.0 = Debug|Any CPU
		{F5924004-AFCE-43FF-BE79-F2416EFF2AF7}.TraceAlloc|x86.ActiveCfg = Debug|Any CPU
		{F5924004-AFCE-43FF-BE79-F2416EFF2AF7}.TraceAlloc|x86.Build.0 = Debug|Any CPU
		{5BB063B7-DEE5-4426-925B-6EFD41343B9F}.Debug|Any CPU.ActiveCfg = Debug|Any CPU
		{5BB063B7-DEE5-4426-925B-6EFD41343B9F}.Debug|Any CPU.Build.0 = Debug|Any CPU
		{5BB063B7-DEE5-4426-925B-6EFD41343B9F}.Debug|ARM64.ActiveCfg = Debug|Any CPU
		{5BB063B7-DEE5-4426-925B-6EFD41343B9F}.Debug|ARM64.Build.0 = Debug|Any CPU
		{5BB063B7-DEE5-4426-925B-6EFD41343B9F}.Debug|x64.ActiveCfg = Debug|Any CPU
		{5BB063B7-DEE5-4426-925B-6EFD41343B9F}.Debug|x64.Build.0 = Debug|Any CPU
		{5BB063B7-DEE5-4426-925B-6EFD41343B9F}.Debug|x86.ActiveCfg = Debug|Any CPU
		{5BB063B7-DEE5-4426-925B-6EFD41343B9F}.Debug|x86.Build.0 = Debug|Any CPU
		{5BB063B7-DEE5-4426-925B-6EFD41343B9F}.Release|Any CPU.ActiveCfg = Release|Any CPU
		{5BB063B7-DEE5-4426-925B-6EFD41343B9F}.Release|Any CPU.Build.0 = Release|Any CPU
		{5BB063B7-DEE5-4426-925B-6EFD41343B9F}.Release|ARM64.ActiveCfg = Release|Any CPU
		{5BB063B7-DEE5-4426-925B-6EFD41343B9F}.Release|ARM64.Build.0 = Release|Any CPU
		{5BB063B7-DEE5-4426-925B-6EFD41343B9F}.Release|x64.ActiveCfg = Release|Any CPU
		{5BB063B7-DEE5-4426-925B-6EFD41343B9F}.Release|x64.Build.0 = Release|Any CPU
		{5BB063B7-DEE5-4426-925B-6EFD41343B9F}.Release|x86.ActiveCfg = Release|Any CPU
		{5BB063B7-DEE5-4426-925B-6EFD41343B9F}.Release|x86.Build.0 = Release|Any CPU
		{5BB063B7-DEE5-4426-925B-6EFD41343B9F}.TraceAlloc|Any CPU.ActiveCfg = Debug|Any CPU
		{5BB063B7-DEE5-4426-925B-6EFD41343B9F}.TraceAlloc|Any CPU.Build.0 = Debug|Any CPU
		{5BB063B7-DEE5-4426-925B-6EFD41343B9F}.TraceAlloc|ARM64.ActiveCfg = Debug|Any CPU
		{5BB063B7-DEE5-4426-925B-6EFD41343B9F}.TraceAlloc|ARM64.Build.0 = Debug|Any CPU
		{5BB063B7-DEE5-4426-925B-6EFD41343B9F}.TraceAlloc|x64.ActiveCfg = Debug|Any CPU
		{5BB063B7-DEE5-4426-925B-6EFD41343B9F}.TraceAlloc|x64.Build.0 = Debug|Any CPU
		{5BB063B7-DEE5-4426-925B-6EFD41343B9F}.TraceAlloc|x86.ActiveCfg = Debug|Any CPU
		{5BB063B7-DEE5-4426-925B-6EFD41343B9F}.TraceAlloc|x86.Build.0 = Debug|Any CPU
		{1F34FACC-50CB-4AEC-9766-850D10DAF0E0}.Debug|Any CPU.ActiveCfg = Debug|Any CPU
		{1F34FACC-50CB-4AEC-9766-850D10DAF0E0}.Debug|Any CPU.Build.0 = Debug|Any CPU
		{1F34FACC-50CB-4AEC-9766-850D10DAF0E0}.Debug|ARM64.ActiveCfg = Debug|Any CPU
		{1F34FACC-50CB-4AEC-9766-850D10DAF0E0}.Debug|ARM64.Build.0 = Debug|Any CPU
		{1F34FACC-50CB-4AEC-9766-850D10DAF0E0}.Debug|x64.ActiveCfg = Debug|Any CPU
		{1F34FACC-50CB-4AEC-9766-850D10DAF0E0}.Debug|x64.Build.0 = Debug|Any CPU
		{1F34FACC-50CB-4AEC-9766-850D10DAF0E0}.Debug|x86.ActiveCfg = Debug|Any CPU
		{1F34FACC-50CB-4AEC-9766-850D10DAF0E0}.Debug|x86.Build.0 = Debug|Any CPU
		{1F34FACC-50CB-4AEC-9766-850D10DAF0E0}.Release|Any CPU.ActiveCfg = Release|Any CPU
		{1F34FACC-50CB-4AEC-9766-850D10DAF0E0}.Release|Any CPU.Build.0 = Release|Any CPU
		{1F34FACC-50CB-4AEC-9766-850D10DAF0E0}.Release|ARM64.ActiveCfg = Release|Any CPU
		{1F34FACC-50CB-4AEC-9766-850D10DAF0E0}.Release|ARM64.Build.0 = Release|Any CPU
		{1F34FACC-50CB-4AEC-9766-850D10DAF0E0}.Release|x64.ActiveCfg = Release|Any CPU
		{1F34FACC-50CB-4AEC-9766-850D10DAF0E0}.Release|x64.Build.0 = Release|Any CPU
		{1F34FACC-50CB-4AEC-9766-850D10DAF0E0}.Release|x86.ActiveCfg = Release|Any CPU
		{1F34FACC-50CB-4AEC-9766-850D10DAF0E0}.Release|x86.Build.0 = Release|Any CPU
		{1F34FACC-50CB-4AEC-9766-850D10DAF0E0}.TraceAlloc|Any CPU.ActiveCfg = Debug|Any CPU
		{1F34FACC-50CB-4AEC-9766-850D10DAF0E0}.TraceAlloc|Any CPU.Build.0 = Debug|Any CPU
		{1F34FACC-50CB-4AEC-9766-850D10DAF0E0}.TraceAlloc|ARM64.ActiveCfg = Debug|Any CPU
		{1F34FACC-50CB-4AEC-9766-850D10DAF0E0}.TraceAlloc|ARM64.Build.0 = Debug|Any CPU
		{1F34FACC-50CB-4AEC-9766-850D10DAF0E0}.TraceAlloc|x64.ActiveCfg = Debug|Any CPU
		{1F34FACC-50CB-4AEC-9766-850D10DAF0E0}.TraceAlloc|x64.Build.0 = Debug|Any CPU
		{1F34FACC-50CB-4AEC-9766-850D10DAF0E0}.TraceAlloc|x86.ActiveCfg = Debug|Any CPU
		{1F34FACC-50CB-4AEC-9766-850D10DAF0E0}.TraceAlloc|x86.Build.0 = Debug|Any CPU
		{2B9569E4-D15A-420E-9CBC-4BBFC314AD17}.Debug|Any CPU.ActiveCfg = Debug|Any CPU
		{2B9569E4-D15A-420E-9CBC-4BBFC314AD17}.Debug|Any CPU.Build.0 = Debug|Any CPU
		{2B9569E4-D15A-420E-9CBC-4BBFC314AD17}.Debug|ARM64.ActiveCfg = Debug|Any CPU
		{2B9569E4-D15A-420E-9CBC-4BBFC314AD17}.Debug|ARM64.Build.0 = Debug|Any CPU
		{2B9569E4-D15A-420E-9CBC-4BBFC314AD17}.Debug|x64.ActiveCfg = Debug|Any CPU
		{2B9569E4-D15A-420E-9CBC-4BBFC314AD17}.Debug|x64.Build.0 = Debug|Any CPU
		{2B9569E4-D15A-420E-9CBC-4BBFC314AD17}.Debug|x86.ActiveCfg = Debug|Any CPU
		{2B9569E4-D15A-420E-9CBC-4BBFC314AD17}.Debug|x86.Build.0 = Debug|Any CPU
		{2B9569E4-D15A-420E-9CBC-4BBFC314AD17}.Release|Any CPU.ActiveCfg = Release|Any CPU
		{2B9569E4-D15A-420E-9CBC-4BBFC314AD17}.Release|Any CPU.Build.0 = Release|Any CPU
		{2B9569E4-D15A-420E-9CBC-4BBFC314AD17}.Release|ARM64.ActiveCfg = Release|Any CPU
		{2B9569E4-D15A-420E-9CBC-4BBFC314AD17}.Release|ARM64.Build.0 = Release|Any CPU
		{2B9569E4-D15A-420E-9CBC-4BBFC314AD17}.Release|x64.ActiveCfg = Release|Any CPU
		{2B9569E4-D15A-420E-9CBC-4BBFC314AD17}.Release|x64.Build.0 = Release|Any CPU
		{2B9569E4-D15A-420E-9CBC-4BBFC314AD17}.Release|x86.ActiveCfg = Release|Any CPU
		{2B9569E4-D15A-420E-9CBC-4BBFC314AD17}.Release|x86.Build.0 = Release|Any CPU
		{2B9569E4-D15A-420E-9CBC-4BBFC314AD17}.TraceAlloc|Any CPU.ActiveCfg = Debug|Any CPU
		{2B9569E4-D15A-420E-9CBC-4BBFC314AD17}.TraceAlloc|Any CPU.Build.0 = Debug|Any CPU
		{2B9569E4-D15A-420E-9CBC-4BBFC314AD17}.TraceAlloc|ARM64.ActiveCfg = Debug|Any CPU
		{2B9569E4-D15A-420E-9CBC-4BBFC314AD17}.TraceAlloc|ARM64.Build.0 = Debug|Any CPU
		{2B9569E4-D15A-420E-9CBC-4BBFC314AD17}.TraceAlloc|x64.ActiveCfg = Debug|Any CPU
		{2B9569E4-D15A-420E-9CBC-4BBFC314AD17}.TraceAlloc|x64.Build.0 = Debug|Any CPU
		{2B9569E4-D15A-420E-9CBC-4BBFC314AD17}.TraceAlloc|x86.ActiveCfg = Debug|Any CPU
		{2B9569E4-D15A-420E-9CBC-4BBFC314AD17}.TraceAlloc|x86.Build.0 = Debug|Any CPU
		{27EE26EB-3361-44E0-912F-33E8AF691337}.Debug|Any CPU.ActiveCfg = Debug|Any CPU
		{27EE26EB-3361-44E0-912F-33E8AF691337}.Debug|Any CPU.Build.0 = Debug|Any CPU
		{27EE26EB-3361-44E0-912F-33E8AF691337}.Debug|ARM64.ActiveCfg = Debug|Any CPU
		{27EE26EB-3361-44E0-912F-33E8AF691337}.Debug|ARM64.Build.0 = Debug|Any CPU
		{27EE26EB-3361-44E0-912F-33E8AF691337}.Debug|x64.ActiveCfg = Debug|Any CPU
		{27EE26EB-3361-44E0-912F-33E8AF691337}.Debug|x64.Build.0 = Debug|Any CPU
		{27EE26EB-3361-44E0-912F-33E8AF691337}.Debug|x86.ActiveCfg = Debug|Any CPU
		{27EE26EB-3361-44E0-912F-33E8AF691337}.Debug|x86.Build.0 = Debug|Any CPU
		{27EE26EB-3361-44E0-912F-33E8AF691337}.Release|Any CPU.ActiveCfg = Release|Any CPU
		{27EE26EB-3361-44E0-912F-33E8AF691337}.Release|Any CPU.Build.0 = Release|Any CPU
		{27EE26EB-3361-44E0-912F-33E8AF691337}.Release|ARM64.ActiveCfg = Release|Any CPU
		{27EE26EB-3361-44E0-912F-33E8AF691337}.Release|ARM64.Build.0 = Release|Any CPU
		{27EE26EB-3361-44E0-912F-33E8AF691337}.Release|x64.ActiveCfg = Release|Any CPU
		{27EE26EB-3361-44E0-912F-33E8AF691337}.Release|x64.Build.0 = Release|Any CPU
		{27EE26EB-3361-44E0-912F-33E8AF691337}.Release|x86.ActiveCfg = Release|Any CPU
		{27EE26EB-3361-44E0-912F-33E8AF691337}.Release|x86.Build.0 = Release|Any CPU
		{27EE26EB-3361-44E0-912F-33E8AF691337}.TraceAlloc|Any CPU.ActiveCfg = Debug|Any CPU
		{27EE26EB-3361-44E0-912F-33E8AF691337}.TraceAlloc|Any CPU.Build.0 = Debug|Any CPU
		{27EE26EB-3361-44E0-912F-33E8AF691337}.TraceAlloc|ARM64.ActiveCfg = Debug|Any CPU
		{27EE26EB-3361-44E0-912F-33E8AF691337}.TraceAlloc|ARM64.Build.0 = Debug|Any CPU
		{27EE26EB-3361-44E0-912F-33E8AF691337}.TraceAlloc|x64.ActiveCfg = Debug|Any CPU
		{27EE26EB-3361-44E0-912F-33E8AF691337}.TraceAlloc|x64.Build.0 = Debug|Any CPU
		{27EE26EB-3361-44E0-912F-33E8AF691337}.TraceAlloc|x86.ActiveCfg = Debug|Any CPU
		{27EE26EB-3361-44E0-912F-33E8AF691337}.TraceAlloc|x86.Build.0 = Debug|Any CPU
	EndGlobalSection
	GlobalSection(SolutionProperties) = preSolution
		HideSolutionNode = FALSE
	EndGlobalSection
	GlobalSection(ExtensibilityGlobals) = postSolution
		SolutionGuid = {D03EB38C-8B2F-40A4-AA97-CD2F734F6056}
	EndGlobalSection
	GlobalSection(SharedMSBuildProjectFiles) = preSolution
		src\ServiceProcessInstallerSharedProject\ServiceProcessInstallerSharedProject.projitems*{b8ab7d3d-ded4-4c9e-85ae-18804e92d129}*SharedItemsImports = 13
	EndGlobalSection
EndGlobal
